
Microsoft Visual Studio Solution File, Format Version 12.00
# Visual Studio Version 16
VisualStudioVersion = 16.0.32126.315
MinimumVisualStudioVersion = 10.0.40219.1
Project("{FAE04EC0-301F-11D3-BF4B-00C04F79EFBC}") = "Zadanie3", "Zadanie3\Zadanie3.csproj", "{D5B5A876-9B32-46F5-B296-D120A58EB494}"
EndProject
Global
	GlobalSection(SolutionConfigurationPlatforms) = preSolution
		Debug|Any CPU = Debug|Any CPU
		Release|Any CPU = Release|Any CPU
	EndGlobalSection
	GlobalSection(ProjectConfigurationPlatforms) = postSolution
		{D5B5A876-9B32-46F5-B296-D120A58EB494}.Debug|Any CPU.ActiveCfg = Debug|Any CPU
		{D5B5A876-9B32-46F5-B296-D120A58EB494}.Debug|Any CPU.Build.0 = Debug|Any CPU
		{D5B5A876-9B32-46F5-B296-D120A58EB494}.Release|Any CPU.ActiveCfg = Release|Any CPU
		{D5B5A876-9B32-46F5-B296-D120A58EB494}.Release|Any CPU.Build.0 = Release|Any CPU
	EndGlobalSection
	GlobalSection(SolutionProperties) = preSolution
		HideSolutionNode = FALSE
	EndGlobalSection
	GlobalSection(ExtensibilityGlobals) = postSolution
		SolutionGuid = {BECAB20E-011B-4749-B5EB-F77458B86C3D}
	EndGlobalSection
EndGlobal
