
Microsoft Visual Studio Solution File, Format Version 12.00
# Visual Studio Version 16
VisualStudioVersion = 16.0.32126.315
MinimumVisualStudioVersion = 10.0.40219.1
Project("{9A19103F-16F7-4668-BE54-9A1E7A4F7556}") = "Zadanie2", "Zadanie2\Zadanie2.csproj", "{98EEE0B2-7BB9-4FB3-9829-2B3A5E4E0640}"
EndProject
Project("{FAE04EC0-301F-11D3-BF4B-00C04F79EFBC}") = "Zadanie2UnitTests", "Zadanie2UnitTests\Zadanie2UnitTests.csproj", "{C6E212AA-27F0-4867-949E-CEB8C468D768}"
EndProject
Global
	GlobalSection(SolutionConfigurationPlatforms) = preSolution
		Debug|Any CPU = Debug|Any CPU
		Release|Any CPU = Release|Any CPU
	EndGlobalSection
	GlobalSection(ProjectConfigurationPlatforms) = postSolution
		{98EEE0B2-7BB9-4FB3-9829-2B3A5E4E0640}.Debug|Any CPU.ActiveCfg = Debug|Any CPU
		{98EEE0B2-7BB9-4FB3-9829-2B3A5E4E0640}.Debug|Any CPU.Build.0 = Debug|Any CPU
		{98EEE0B2-7BB9-4FB3-9829-2B3A5E4E0640}.Release|Any CPU.ActiveCfg = Release|Any CPU
		{98EEE0B2-7BB9-4FB3-9829-2B3A5E4E0640}.Release|Any CPU.Build.0 = Release|Any CPU
		{C6E212AA-27F0-4867-949E-CEB8C468D768}.Debug|Any CPU.ActiveCfg = Debug|Any CPU
		{C6E212AA-27F0-4867-949E-CEB8C468D768}.Debug|Any CPU.Build.0 = Debug|Any CPU
		{C6E212AA-27F0-4867-949E-CEB8C468D768}.Release|Any CPU.ActiveCfg = Release|Any CPU
		{C6E212AA-27F0-4867-949E-CEB8C468D768}.Release|Any CPU.Build.0 = Release|Any CPU
	EndGlobalSection
	GlobalSection(SolutionProperties) = preSolution
		HideSolutionNode = FALSE
	EndGlobalSection
	GlobalSection(ExtensibilityGlobals) = postSolution
		SolutionGuid = {102B1FE7-D9E6-4F47-A244-A727F40425AE}
	EndGlobalSection
EndGlobal
